// !$*UTF8*$!
{
	archiveVersion = 1;
	classes = {
	};
	objectVersion = 50;
	objects = {

/* Begin PBXBuildFile section */
		3FBFEA9F21C75441009D3C50 /* AppDelegate.m in Sources */ = {isa = PBXBuildFile; fileRef = 3FBFEA9E21C75441009D3C50 /* AppDelegate.m */; };
		3FBFEAA221C75441009D3C50 /* ViewController.m in Sources */ = {isa = PBXBuildFile; fileRef = 3FBFEAA121C75441009D3C50 /* ViewController.m */; };
		3FBFEAA521C75441009D3C50 /* Main.storyboard in Resources */ = {isa = PBXBuildFile; fileRef = 3FBFEAA321C75441009D3C50 /* Main.storyboard */; };
		3FBFEAA721C75442009D3C50 /* Assets.xcassets in Resources */ = {isa = PBXBuildFile; fileRef = 3FBFEAA621C75442009D3C50 /* Assets.xcassets */; };
		3FBFEAAA21C75442009D3C50 /* LaunchScreen.storyboard in Resources */ = {isa = PBXBuildFile; fileRef = 3FBFEAA821C75442009D3C50 /* LaunchScreen.storyboard */; };
		3FBFEAAD21C75442009D3C50 /* main.m in Sources */ = {isa = PBXBuildFile; fileRef = 3FBFEAAC21C75442009D3C50 /* main.m */; };
		3FBFEAB721C754E4009D3C50 /* GobangView.m in Sources */ = {isa = PBXBuildFile; fileRef = 3FBFEAB621C754E4009D3C50 /* GobangView.m */; };
/* End PBXBuildFile section */

/* Begin PBXFileReference section */
		3FBFEA9A21C75441009D3C50 /* GobangOc.app */ = {isa = PBXFileReference; explicitFileType = wrapper.application; includeInIndex = 0; path = GobangOc.app; sourceTree = BUILT_PRODUCTS_DIR; };
		3FBFEA9D21C75441009D3C50 /* AppDelegate.h */ = {isa = PBXFileReference; lastKnownFileType = sourcecode.c.h; path = AppDelegate.h; sourceTree = "<group>"; };
		3FBFEA9E21C75441009D3C50 /* AppDelegate.m */ = {isa = PBXFileReference; lastKnownFileType = sourcecode.c.objc; path = AppDelegate.m; sourceTree = "<group>"; };
		3FBFEAA021C75441009D3C50 /* ViewController.h */ = {isa = PBXFileReference; lastKnownFileType = sourcecode.c.h; path = ViewController.h; sourceTree = "<group>"; };
		3FBFEAA121C75441009D3C50 /* ViewController.m */ = {isa = PBXFileReference; lastKnownFileType = sourcecode.c.objc; path = ViewController.m; sourceTree = "<group>"; };
		3FBFEAA421C75441009D3C50 /* Base */ = {isa = PBXFileReference; lastKnownFileType = file.storyboard; name = Base; path = Base.lproj/Main.storyboard; sourceTree = "<group>"; };
		3FBFEAA621C75442009D3C50 /* Assets.xcassets */ = {isa = PBXFileReference; lastKnownFileType = folder.assetcatalog; path = Assets.xcassets; sourceTree = "<group>"; };
		3FBFEAA921C75442009D3C50 /* Base */ = {isa = PBXFileReference; lastKnownFileType = file.storyboard; name = Base; path = Base.lproj/LaunchScreen.storyboard; sourceTree = "<group>"; };
		3FBFEAAB21C75442009D3C50 /* Info.plist */ = {isa = PBXFileReference; lastKnownFileType = text.plist.xml; path = Info.plist; sourceTree = "<group>"; };
		3FBFEAAC21C75442009D3C50 /* main.m */ = {isa = PBXFileReference; lastKnownFileType = sourcecode.c.objc; path = main.m; sourceTree = "<group>"; };
		3FBFEAB521C754E4009D3C50 /* GobangView.h */ = {isa = PBXFileReference; lastKnownFileType = sourcecode.c.h; path = GobangView.h; sourceTree = "<group>"; };
		3FBFEAB621C754E4009D3C50 /* GobangView.m */ = {isa = PBXFileReference; lastKnownFileType = sourcecode.c.objc; path = GobangView.m; sourceTree = "<group>"; };
/* End PBXFileReference section */

/* Begin PBXFrameworksBuildPhase section */
		3FBFEA9721C75441009D3C50 /* Frameworks */ = {
			isa = PBXFrameworksBuildPhase;
			buildActionMask = 2147483647;
			files = (
			);
			runOnlyForDeploymentPostprocessing = 0;
		};
/* End PBXFrameworksBuildPhase section */

/* Begin PBXGroup section */
		3FBFEA9121C75441009D3C50 = {
			isa = PBXGroup;
			children = (
				3FBFEA9C21C75441009D3C50 /* GobangOc */,
				3FBFEA9B21C75441009D3C50 /* Products */,
			);
			sourceTree = "<group>";
		};
		3FBFEA9B21C75441009D3C50 /* Products */ = {
			isa = PBXGroup;
			children = (
				3FBFEA9A21C75441009D3C50 /* GobangOc.app */,
			);
			name = Products;
			sourceTree = "<group>";
		};
		3FBFEA9C21C75441009D3C50 /* GobangOc */ = {
			isa = PBXGroup;
			children = (
				3FBFEA9D21C75441009D3C50 /* AppDelegate.h */,
				3FBFEA9E21C75441009D3C50 /* AppDelegate.m */,
				3FBFEAA021C75441009D3C50 /* ViewController.h */,
				3FBFEAA121C75441009D3C50 /* ViewController.m */,
				3FBFEAA321C75441009D3C50 /* Main.storyboard */,
				3FBFEAA621C75442009D3C50 /* Assets.xcassets */,
				3FBFEAA821C75442009D3C50 /* LaunchScreen.storyboard */,
				3FBFEAAB21C75442009D3C50 /* Info.plist */,
				3FBFEAAC21C75442009D3C50 /* main.m */,
				3FBFEAB521C754E4009D3C50 /* GobangView.h */,
				3FBFEAB621C754E4009D3C50 /* GobangView.m */,
			);
			path = GobangOc;
			sourceTree = "<group>";
		};
/* End PBXGroup section */

/* Begin PBXNativeTarget section */
		3FBFEA9921C75441009D3C50 /* GobangOc */ = {
			isa = PBXNativeTarget;
			buildConfigurationList = 3FBFEAB021C75442009D3C50 /* Build configuration list for PBXNativeTarget "GobangOc" */;
			buildPhases = (
				3FBFEA9621C75441009D3C50 /* Sources */,
				3FBFEA9721C75441009D3C50 /* Frameworks */,
				3FBFEA9821C75441009D3C50 /* Resources */,
			);
			buildRules = (
			);
			dependencies = (
			);
			name = GobangOc;
			productName = GobangOc;
			productReference = 3FBFEA9A21C75441009D3C50 /* GobangOc.app */;
			productType = "com.apple.product-type.application";
		};
/* End PBXNativeTarget section */

/* Begin PBXProject section */
		3FBFEA9221C75441009D3C50 /* Project object */ = {
			isa = PBXProject;
			attributes = {
				LastUpgradeCheck = 1010;
				ORGANIZATIONNAME = CoderDream;
				TargetAttributes = {
					3FBFEA9921C75441009D3C50 = {
						CreatedOnToolsVersion = 10.1;
					};
				};
			};
			buildConfigurationList = 3FBFEA9521C75441009D3C50 /* Build configuration list for PBXProject "GobangOc" */;
			compatibilityVersion = "Xcode 9.3";
			developmentRegion = en;
			hasScannedForEncodings = 0;
			knownRegions = (
				en,
				Base,
			);
			mainGroup = 3FBFEA9121C75441009D3C50;
			productRefGroup = 3FBFEA9B21C75441009D3C50 /* Products */;
			projectDirPath = "";
			projectRoot = "";
			targets = (
				3FBFEA9921C75441009D3C50 /* GobangOc */,
			);
		};
/* End PBXProject section */

/* Begin PBXResourcesBuildPhase section */
		3FBFEA9821C75441009D3C50 /* Resources */ = {
			isa = PBXResourcesBuildPhase;
			buildActionMask = 2147483647;
			files = (
				3FBFEAAA21C75442009D3C50 /* LaunchScreen.storyboard in Resources */,
				3FBFEAA721C75442009D3C50 /* Assets.xcassets in Resources */,
				3FBFEAA521C75441009D3C50 /* Main.storyboard in Resources */,
			);
			runOnlyForDeploymentPostprocessing = 0;
		};
/* End PBXResourcesBuildPhase section */

/* Begin PBXSourcesBuildPhase section */
		3FBFEA9621C75441009D3C50 /* Sources */ = {
			isa = PBXSourcesBuildPhase;
			buildActionMask = 2147483647;
			files = (
				3FBFEAB721C754E4009D3C50 /* GobangView.m in Sources */,
				3FBFEAA221C75441009D3C50 /* ViewController.m in Sources */,
				3FBFEAAD21C75442009D3C50 /* main.m in Sources */,
				3FBFEA9F21C75441009D3C50 /* AppDelegate.m in Sources */,
			);
			runOnlyForDeploymentPostprocessing = 0;
		};
/* End PBXSourcesBuildPhase section */

/* Begin PBXVariantGroup section */
		3FBFEAA321C75441009D3C50 /* Main.storyboard */ = {
			isa = PBXVariantGroup;
			children = (
				3FBFEAA421C75441009D3C50 /* Base */,
			);
			name = Main.storyboard;
			sourceTree = "<group>";
		};
		3FBFEAA821C75442009D3C50 /* LaunchScreen.storyboard */ = {
			isa = PBXVariantGroup;
			children = (
				3FBFEAA921C75442009D3C50 /* Base */,
			);
			name = LaunchScreen.storyboard;
			sourceTree = "<group>";
		};
/* End PBXVariantGroup section */

/* Begin XCBuildConfiguration section */
		3FBFEAAE21C75442009D3C50 /* Debug */ = {
			isa = XCBuildConfiguration;
			buildSettings = {
				ALWAYS_SEARCH_USER_PATHS = NO;
				CLANG_ANALYZER_NONNULL = YES;
				CLANG_ANALYZER_NUMBER_OBJECT_CONVERSION = YES_AGGRESSIVE;
				CLANG_CXX_LANGUAGE_STANDARD = "gnu++14";
				CLANG_CXX_LIBRARY = "libc++";
				CLANG_ENABLE_MODULES = YES;
				CLANG_ENABLE_OBJC_ARC = YES;
				CLANG_ENABLE_OBJC_WEAK = YES;
				CLANG_WARN_BLOCK_CAPTURE_AUTORELEASING = YES;
				CLANG_WARN_BOOL_CONVERSION = YES;
				CLANG_WARN_COMMA = YES;
				CLANG_WARN_CONSTANT_CONVERSION = YES;
				CLANG_WARN_DEPRECATED_OBJC_IMPLEMENTATIONS = YES;
				CLANG_WARN_DIRECT_OBJC_ISA_USAGE = YES_ERROR;
				CLANG_WARN_DOCUMENTATION_COMMENTS = YES;
				CLANG_WARN_EMPTY_BODY = YES;
				CLANG_WARN_ENUM_CONVERSION = YES;
				CLANG_WARN_INFINITE_RECURSION = YES;
				CLANG_WARN_INT_CONVERSION = YES;
				CLANG_WARN_NON_LITERAL_NULL_CONVERSION = YES;
				CLANG_WARN_OBJC_IMPLICIT_RETAIN_SELF = YES;
				CLANG_WARN_OBJC_LITERAL_CONVERSION = YES;
				CLANG_WARN_OBJC_ROOT_CLASS = YES_ERROR;
				CLANG_WARN_RANGE_LOOP_ANALYSIS = YES;
				CLANG_WARN_STRICT_PROTOTYPES = YES;
				CLANG_WARN_SUSPICIOUS_MOVE = YES;
				CLANG_WARN_UNGUARDED_AVAILABILITY = YES_AGGRESSIVE;
				CLANG_WARN_UNREACHABLE_CODE = YES;
				CLANG_WARN__DUPLICATE_METHOD_MATCH = YES;
				CODE_SIGN_IDENTITY = "iPhone Developer";
				COPY_PHASE_STRIP = NO;
				DEBUG_INFORMATION_FORMAT = dwarf;
				ENABLE_STRICT_OBJC_MSGSEND = YES;
				ENABLE_TESTABILITY = YES;
				GCC_C_LANGUAGE_STANDARD = gnu11;
				GCC_DYNAMIC_NO_PIC = NO;
				GCC_NO_COMMON_BLOCKS = YES;
				GCC_OPTIMIZATION_LEVEL = 0;
				GCC_PREPROCESSOR_DEFINITIONS = (
					"DEBUG=1",
					"$(inherited)",
				);
				GCC_WARN_64_TO_32_BIT_CONVERSION = YES;
				GCC_WARN_ABOUT_RETURN_TYPE = YES_ERROR;
				GCC_WARN_UNDECLARED_SELECTOR = YES;
				GCC_WARN_UNINITIALIZED_AUTOS = YES_AGGRESSIVE;
				GCC_WARN_UNUSED_FUNCTION = YES;
				GCC_WARN_UNUSED_VARIABLE = YES;
				IPHONEOS_DEPLOYMENT_TARGET = 12.1;
				MTL_ENABLE_DEBUG_INFO = INCLUDE_SOURCE;
				MTL_FAST_MATH = YES;
				ONLY_ACTIVE_ARCH = YES;
				SDKROOT = iphoneos;
			};
			name = Debug;
		};
		3FBFEAAF21C75442009D3C50 /* Release */ = {
			isa = XCBuildConfiguration;
			buildSettings = {
				ALWAYS_SEARCH_USER_PATHS = NO;
				CLANG_ANALYZER_NONNULL = YES;
				CLANG_ANALYZER_NUMBER_OBJECT_CONVERSION = YES_AGGRESSIVE;
				CLANG_CXX_LANGUAGE_STANDARD = "gnu++14";
				CLANG_CXX_LIBRARY = "libc++";
				CLANG_ENABLE_MODULES = YES;
				CLANG_ENABLE_OBJC_ARC = YES;
				CLANG_ENABLE_OBJC_WEAK = YES;
				CLANG_WARN_BLOCK_CAPTURE_AUTORELEASING = YES;
				CLANG_WARN_BOOL_CONVERSION = YES;
				CLANG_WARN_COMMA = YES;
				CLANG_WARN_CONSTANT_CONVERSION = YES;
				CLANG_WARN_DEPRECATED_OBJC_IMPLEMENTATIONS = YES;
				CLANG_WARN_DIRECT_OBJC_ISA_USAGE = YES_ERROR;
				CLANG_WARN_DOCUMENTATION_COMMENTS = YES;
				CLANG_WARN_EMPTY_BODY = YES;
				CLANG_WARN_ENUM_CONVERSION = YES;
				CLANG_WARN_INFINITE_RECURSION = YES;
				CLANG_WARN_INT_CONVERSION = YES;
				CLANG_WARN_NON_LITERAL_NULL_CONVERSION = YES;
				CLANG_WARN_OBJC_IMPLICIT_RETAIN_SELF = YES;
				CLANG_WARN_OBJC_LITERAL_CONVERSION = YES;
				CLANG_WARN_OBJC_ROOT_CLASS = YES_ERROR;
				CLANG_WARN_RANGE_LOOP_ANALYSIS = YES;
				CLANG_WARN_STRICT_PROTOTYPES = YES;
				CLANG_WARN_SUSPICIOUS_MOVE = YES;
				CLANG_WARN_UNGUARDED_AVAILABILITY = YES_AGGRESSIVE;
				CLANG_WARN_UNREACHABLE_CODE = YES;
				CLANG_WARN__DUPLICATE_METHOD_MATCH = YES;
				CODE_SIGN_IDENTITY = "iPhone Developer";
				COPY_PHASE_STRIP = NO;
				DEBUG_INFORMATION_FORMAT = "dwarf-with-dsym";
				ENABLE_NS_ASSERTIONS = NO;
				ENABLE_STRICT_OBJC_MSGSEND = YES;
				GCC_C_LANGUAGE_STANDARD = gnu11;
				GCC_NO_COMMON_BLOCKS = YES;
				GCC_WARN_64_TO_32_BIT_CONVERSION = YES;
				GCC_WARN_ABOUT_RETURN_TYPE = YES_ERROR;
				GCC_WARN_UNDECLARED_SELECTOR = YES;
				GCC_WARN_UNINITIALIZED_AUTOS = YES_AGGRESSIVE;
				GCC_WARN_UNUSED_FUNCTION = YES;
				GCC_WARN_UNUSED_VARIABLE = YES;
				IPHONEOS_DEPLOYMENT_TARGET = 12.1;
				MTL_ENABLE_DEBUG_INFO = NO;
				MTL_FAST_MATH = YES;
				SDKROOT = iphoneos;
				VALIDATE_PRODUCT = YES;
			};
			name = Release;
		};
		3FBFEAB121C75442009D3C50 /* Debug */ = {
			isa = XCBuildConfiguration;
			buildSettings = {
				ASSETCATALOG_COMPILER_APPICON_NAME = AppIcon;
				CODE_SIGN_STYLE = Automatic;
				DEVELOPMENT_TEAM = 84YDQ32Q44;
				INFOPLIST_FILE = GobangOc/Info.plist;
				LD_RUNPATH_SEARCH_PATHS = (
					"$(inherited)",
					"@executable_path/Frameworks",
				);
				PRODUCT_BUNDLE_IDENTIFIER = com.coderdream;
				PRODUCT_NAME = "$(TARGET_NAME)";
				TARGETED_DEVICE_FAMILY = "1,2";
			};
			name = Debug;
		};
		3FBFEAB221C75442009D3C50 /* Release */ = {
			isa = XCBuildConfiguration;
			buildSettings = {
				ASSETCATALOG_COMPILER_APPICON_NAME = AppIcon;
				CODE_SIGN_STYLE = Automatic;
				DEVELOPMENT_TEAM = 84YDQ32Q44;
				INFOPLIST_FILE = GobangOc/Info.plist;
				LD_RUNPATH_SEARCH_PATHS = (
					"$(inherited)",
					"@executable_path/Frameworks",
				);
				PRODUCT_BUNDLE_IDENTIFIER = com.coderdream;
				PRODUCT_NAME = "$(TARGET_NAME)";
				TARGETED_DEVICE_FAMILY = "1,2";
			};
			name = Release;
		};
/* End XCBuildConfiguration section */

/* Begin XCConfigurationList section */
		3FBFEA9521C75441009D3C50 /* Build configuration list for PBXProject "GobangOc" */ = {
			isa = XCConfigurationList;
			buildConfigurations = (
				3FBFEAAE21C75442009D3C50 /* Debug */,
				3FBFEAAF21C75442009D3C50 /* Release */,
			);
			defaultConfigurationIsVisible = 0;
			defaultConfigurationName = Release;
		};
		3FBFEAB021C75442009D3C50 /* Build configuration list for PBXNativeTarget "GobangOc" */ = {
			isa = XCConfigurationList;
			buildConfigurations = (
				3FBFEAB121C75442009D3C50 /* Debug */,
				3FBFEAB221C75442009D3C50 /* Release */,
			);
			defaultConfigurationIsVisible = 0;
			defaultConfigurationName = Release;
		};
/* End XCConfigurationList section */
	};
	rootObject = 3FBFEA9221C75441009D3C50 /* Project object */;
}
